
Microsoft Visual Studio Solution File, Format Version 12.00
# Visual Studio Version 16
VisualStudioVersion = 16.0.31105.61
MinimumVisualStudioVersion = 10.0.40219.1
Project("{FAE04EC0-301F-11D3-BF4B-00C04F79EFBC}") = "ExerciciosEstrtuturaSequencial", "ExerciciosEstrtuturaSequencial\ExerciciosEstrtuturaSequencial.csproj", "{1B973DD8-1AC9-4710-A7ED-A5367B453BA2}"
EndProject
Global
	GlobalSection(SolutionConfigurationPlatforms) = preSolution
		Debug|Any CPU = Debug|Any CPU
		Release|Any CPU = Release|Any CPU
	EndGlobalSection
	GlobalSection(ProjectConfigurationPlatforms) = postSolution
		{1B973DD8-1AC9-4710-A7ED-A5367B453BA2}.Debug|Any CPU.ActiveCfg = Debug|Any CPU
		{1B973DD8-1AC9-4710-A7ED-A5367B453BA2}.Debug|Any CPU.Build.0 = Debug|Any CPU
		{1B973DD8-1AC9-4710-A7ED-A5367B453BA2}.Release|Any CPU.ActiveCfg = Release|Any CPU
		{1B973DD8-1AC9-4710-A7ED-A5367B453BA2}.Release|Any CPU.Build.0 = Release|Any CPU
	EndGlobalSection
	GlobalSection(SolutionProperties) = preSolution
		HideSolutionNode = FALSE
	EndGlobalSection
	GlobalSection(ExtensibilityGlobals) = postSolution
		SolutionGuid = {69B9C764-3F79-4356-9FF8-5EDE9B9A33C4}
	EndGlobalSection
EndGlobal
